lockfileVersion: '6.0'

settings:
  autoInstallPeers: true
  excludeLinksFromLockfile: false

dependencies:
  get-repository-url:
    specifier: ^2.0.0
    version: 2.0.0

packages:

  /axios@0.18.1:
    resolution: {integrity: sha512-0BfJq4NSfQXd+SkFdrvFbG7addhYSBA2mQwISr46pD6E5iqkWg02RAs8vyTT/j0RTnoYmeXauBuSv1qKwR179g==}
    deprecated: Critical security vulnerability fixed in v0.21.1. For more information, see https://github.com/axios/axios/pull/3410
    dependencies:
      follow-redirects: 1.5.10
      is-buffer: 2.0.5
    transitivePeerDependencies:
      - supports-color
    dev: false

  /debug@3.1.0:
    resolution: {integrity: sha512-OX8XqP7/1a9cqkxYw2yXss15f26NKWBpDXQd0/uK/KPqdQhxbPa994hnzjcE2VqQpDslf55723cKPUOGSmMY3g==}
    peerDependencies:
      supports-color: '*'
    peerDependenciesMeta:
      supports-color:
        optional: true
    dependencies:
      ms: 2.0.0
    dev: false

  /follow-redirects@1.5.10:
    resolution: {integrity: sha512-0V5l4Cizzvqt5D44aTXbFZz+FtyXV1vrDN6qrelxtfYQKW0KO0W2T/hkE8xvGa/540LkZlkaUjO4ailYTFtHVQ==}
    engines: {node: '>=4.0'}
    dependencies:
      debug: 3.1.0
    transitivePeerDependencies:
      - supports-color
    dev: false

  /get-pkg@1.1.0:
    resolution: {integrity: sha512-ZMZoL7L2HpYQE+9RDjjloJYhrqqzC23ExvMFREXavY+71ltJBHf3UOSiuV1WAD58m9Bh0Um0GOrFvmL2lakO8Q==}
    engines: {node: '>=4'}
    dependencies:
      axios: 0.18.1
    transitivePeerDependencies:
      - supports-color
    dev: false

  /get-repository-url@2.0.0:
    resolution: {integrity: sha512-iJ7aTeM1GQl1Nag5x9ou9pc9j00+e+E1JoABb1LOw8eQCsKWqLCiq/DtcFuvuutMhhibsIeKqq0H20thQ+HNkA==}
    engines: {node: '>=4'}
    hasBin: true
    dependencies:
      get-pkg: 1.1.0
      parse-github-url: 1.0.2
    transitivePeerDependencies:
      - supports-color
    dev: false

  /is-buffer@2.0.5:
    resolution: {integrity: sha512-i2R6zNFDwgEHJyQUtJEk0XFi1i0dPFn/oqjK3/vPCcDeJvW5NQ83V8QbicfF1SupOaB0h8ntgBC2YiE7dfyctQ==}
    engines: {node: '>=4'}
    dev: false

  /ms@2.0.0:
    resolution: {integrity: sha512-Tpp60P6IUJDTuOq/5Z8cdskzJujfwqfOTkrwIwj7IRISpnkJnT6SyJ4PCPnGMoFjC9ddhal5KVIYtAt97ix05A==}
    dev: false

  /parse-github-url@1.0.2:
    resolution: {integrity: sha512-kgBf6avCbO3Cn6+RnzRGLkUsv4ZVqv/VfAYkRsyBcgkshNvVBkRn1FEZcW0Jb+npXQWm2vHPnnOqFteZxRRGNw==}
    engines: {node: '>=0.10.0'}
    hasBin: true
    dev: false
